
Microsoft Visual Studio Solution File, Format Version 12.00
# Visual Studio 15
Project("{FAE04EC0-301F-11D3-BF4B-00C04F79EFBC}") = "Assembly-CSharp", "Assembly-CSharp.csproj", "{2156679B-82AB-88D9-7852-6A429284E730}"
EndProject
Project("{FAE04EC0-301F-11D3-BF4B-00C04F79EFBC}") = "Assembly-CSharp-Editor", "Assembly-CSharp-Editor.csproj", "{245CB0B2-C0F9-81E0-127F-636AC83B2A4A}"
EndProject
Global
	GlobalSection(SolutionConfigurationPlatforms) = preSolution
		Debug|Any CPU = Debug|Any CPU
		Release|Any CPU = Release|Any CPU
	EndGlobalSection
	GlobalSection(ProjectConfigurationPlatforms) = postSolution
		{2156679B-82AB-88D9-7852-6A429284E730}.Debug|Any CPU.ActiveCfg = Debug|Any CPU
		{2156679B-82AB-88D9-7852-6A429284E730}.Debug|Any CPU.Build.0 = Debug|Any CPU
		{2156679B-82AB-88D9-7852-6A429284E730}.Release|Any CPU.ActiveCfg = Release|Any CPU
		{2156679B-82AB-88D9-7852-6A429284E730}.Release|Any CPU.Build.0 = Release|Any CPU
		{245CB0B2-C0F9-81E0-127F-636AC83B2A4A}.Debug|Any CPU.ActiveCfg = Debug|Any CPU
		{245CB0B2-C0F9-81E0-127F-636AC83B2A4A}.Debug|Any CPU.Build.0 = Debug|Any CPU
		{245CB0B2-C0F9-81E0-127F-636AC83B2A4A}.Release|Any CPU.ActiveCfg = Release|Any CPU
		{245CB0B2-C0F9-81E0-127F-636AC83B2A4A}.Release|Any CPU.Build.0 = Release|Any CPU
	EndGlobalSection
	GlobalSection(SolutionProperties) = preSolution
		HideSolutionNode = FALSE
	EndGlobalSection
EndGlobal
